{
  "name": "visualized-compiler",
  "version": "1.0.0",
  "lockfileVersion": 2,
  "requires": true,
  "packages": {
    "": {
      "version": "1.0.0",
      "license": "ISC",
      "dependencies": {
        "konva": "^8.0.1"
      }
    },
    "node_modules/konva": {
      "version": "8.0.1",
      "resolved": "https://registry.nlark.com/konva/download/konva-8.0.1.tgz",
      "integrity": "sha1-809IPN9iw2+Wat3Bp0hO1pQxPCs="
    }
  },
  "dependencies": {
    "konva": {
      "version": "8.0.1",
      "resolved": "https://registry.nlark.com/konva/download/konva-8.0.1.tgz",
      "integrity": "sha1-809IPN9iw2+Wat3Bp0hO1pQxPCs="
    }
  }
}
